
Microsoft Visual Studio Solution File, Format Version 12.00
# Visual Studio Version 17
VisualStudioVersion = 17.7.34031.279
MinimumVisualStudioVersion = 10.0.40219.1
Project("{FAE04EC0-301F-11D3-BF4B-00C04F79EFBC}") = "ExampleADO", "ExampleADO\ExampleADO.csproj", "{A65CF5EB-D363-42A3-9BE4-08DEE9DB14B9}"
EndProject
Global
	GlobalSection(SolutionConfigurationPlatforms) = preSolution
		Debug|Any CPU = Debug|Any CPU
		Release|Any CPU = Release|Any CPU
	EndGlobalSection
	GlobalSection(ProjectConfigurationPlatforms) = postSolution
		{A65CF5EB-D363-42A3-9BE4-08DEE9DB14B9}.Debug|Any CPU.ActiveCfg = Debug|Any CPU
		{A65CF5EB-D363-42A3-9BE4-08DEE9DB14B9}.Debug|Any CPU.Build.0 = Debug|Any CPU
		{A65CF5EB-D363-42A3-9BE4-08DEE9DB14B9}.Release|Any CPU.ActiveCfg = Release|Any CPU
		{A65CF5EB-D363-42A3-9BE4-08DEE9DB14B9}.Release|Any CPU.Build.0 = Release|Any CPU
	EndGlobalSection
	GlobalSection(SolutionProperties) = preSolution
		HideSolutionNode = FALSE
	EndGlobalSection
	GlobalSection(ExtensibilityGlobals) = postSolution
		SolutionGuid = {7610A177-550E-4E46-885A-1BDF1DD7961E}
	EndGlobalSection
EndGlobal
